
Microsoft Visual Studio Solution File, Format Version 12.00
# Visual Studio Version 17
VisualStudioVersion = 17.10.35004.147
MinimumVisualStudioVersion = 10.0.40219.1
Project("{FAE04EC0-301F-11D3-BF4B-00C04F79EFBC}") = "partialClass", "partialClass\partialClass.csproj", "{02AA09A9-5DC2-4B35-A9F2-92DF88C38822}"
EndProject
Global
	GlobalSection(SolutionConfigurationPlatforms) = preSolution
		Debug|Any CPU = Debug|Any CPU
		Release|Any CPU = Release|Any CPU
	EndGlobalSection
	GlobalSection(ProjectConfigurationPlatforms) = postSolution
		{02AA09A9-5DC2-4B35-A9F2-92DF88C38822}.Debug|Any CPU.ActiveCfg = Debug|Any CPU
		{02AA09A9-5DC2-4B35-A9F2-92DF88C38822}.Debug|Any CPU.Build.0 = Debug|Any CPU
		{02AA09A9-5DC2-4B35-A9F2-92DF88C38822}.Release|Any CPU.ActiveCfg = Release|Any CPU
		{02AA09A9-5DC2-4B35-A9F2-92DF88C38822}.Release|Any CPU.Build.0 = Release|Any CPU
	EndGlobalSection
	GlobalSection(SolutionProperties) = preSolution
		HideSolutionNode = FALSE
	EndGlobalSection
	GlobalSection(ExtensibilityGlobals) = postSolution
		SolutionGuid = {8FC3C8AB-F68F-4CCB-B812-8745C98302ED}
	EndGlobalSection
EndGlobal
